{
  "name": "cbse-result-bruter",
  "version": "1.0.0",
  "lockfileVersion": 3,
  "requires": true,
  "packages": {
    "": {
      "name": "cbse-result-bruter",
      "version": "1.0.0",
      "license": "ISC",
      "dependencies": {
        "undici": "^6.16.1"
      },
      "devDependencies": {}
    },
    "node_modules/undici": {
      "version": "6.16.1",
      "resolved": "https://registry.npmjs.org/undici/-/undici-6.16.1.tgz",
      "integrity": "sha512-NeNiTT7ixpeiL1qOIU/xTVpHpVP0svmI6PwoCKaMGaI5AsHOaRdwqU/f7Fi9eyU4u03nd5U/BC8wmRMnS9nqoA==",
      "engines": {
        "node": ">=18.17"
      }
    }
  }
}
